// !$*UTF8*$!
{
	archiveVersion = 1;
	classes = {
	};
	objectVersion = 50;
	objects = {

/* Begin PBXBuildFile section */
		776B13F5219AF68200E03B5B /* AppDelegate.swift in Sources */ = {isa = PBXBuildFile; fileRef = 776B13F4219AF68200E03B5B /* AppDelegate.swift */; };
		776B13F7219AF68200E03B5B /* ViewController.swift in Sources */ = {isa = PBXBuildFile; fileRef = 776B13F6219AF68200E03B5B /* ViewController.swift */; };
		776B13FA219AF68200E03B5B /* Main.storyboard in Resources */ = {isa = PBXBuildFile; fileRef = 776B13F8219AF68200E03B5B /* Main.storyboard */; };
		776B13FC219AF68400E03B5B /* Assets.xcassets in Resources */ = {isa = PBXBuildFile; fileRef = 776B13FB219AF68400E03B5B /* Assets.xcassets */; };
		776B13FF219AF68400E03B5B /* LaunchScreen.storyboard in Resources */ = {isa = PBXBuildFile; fileRef = 776B13FD219AF68400E03B5B /* LaunchScreen.storyboard */; };
		776B140B219AF9EE00E03B5B /* DataProcess.swift in Sources */ = {isa = PBXBuildFile; fileRef = 776B140A219AF9EE00E03B5B /* DataProcess.swift */; };
		776B140D219AFA1200E03B5B /* MainService.swift in Sources */ = {isa = PBXBuildFile; fileRef = 776B140C219AFA1200E03B5B /* MainService.swift */; };
		776B140F219AFA2D00E03B5B /* IMainService.swift in Sources */ = {isa = PBXBuildFile; fileRef = 776B140E219AFA2D00E03B5B /* IMainService.swift */; };
		776B1411219AFA5F00E03B5B /* Constants.swift in Sources */ = {isa = PBXBuildFile; fileRef = 776B1410219AFA5F00E03B5B /* Constants.swift */; };
		776B1415219AFB5100E03B5B /* CellMainTableView.swift in Sources */ = {isa = PBXBuildFile; fileRef = 776B1413219AFB5100E03B5B /* CellMainTableView.swift */; };
		776B1416219AFB5100E03B5B /* CellMainTableView.xib in Resources */ = {isa = PBXBuildFile; fileRef = 776B1414219AFB5100E03B5B /* CellMainTableView.xib */; };
		776B1418219AFBC300E03B5B /* tableViewController.swift in Sources */ = {isa = PBXBuildFile; fileRef = 776B1417219AFBC300E03B5B /* tableViewController.swift */; };
/* End PBXBuildFile section */

/* Begin PBXFileReference section */
		776B13F1219AF68200E03B5B /* orangeBank.app */ = {isa = PBXFileReference; explicitFileType = wrapper.application; includeInIndex = 0; path = orangeBank.app; sourceTree = BUILT_PRODUCTS_DIR; };
		776B13F4219AF68200E03B5B /* AppDelegate.swift */ = {isa = PBXFileReference; lastKnownFileType = sourcecode.swift; path = AppDelegate.swift; sourceTree = "<group>"; };
		776B13F6219AF68200E03B5B /* ViewController.swift */ = {isa = PBXFileReference; lastKnownFileType = sourcecode.swift; path = ViewController.swift; sourceTree = "<group>"; };
		776B13F9219AF68200E03B5B /* Base */ = {isa = PBXFileReference; lastKnownFileType = file.storyboard; name = Base; path = Base.lproj/Main.storyboard; sourceTree = "<group>"; };
		776B13FB219AF68400E03B5B /* Assets.xcassets */ = {isa = PBXFileReference; lastKnownFileType = folder.assetcatalog; path = Assets.xcassets; sourceTree = "<group>"; };
		776B13FE219AF68400E03B5B /* Base */ = {isa = PBXFileReference; lastKnownFileType = file.storyboard; name = Base; path = Base.lproj/LaunchScreen.storyboard; sourceTree = "<group>"; };
		776B1400219AF68400E03B5B /* Info.plist */ = {isa = PBXFileReference; lastKnownFileType = text.plist.xml; path = Info.plist; sourceTree = "<group>"; };
		776B140A219AF9EE00E03B5B /* DataProcess.swift */ = {isa = PBXFileReference; lastKnownFileType = sourcecode.swift; path = DataProcess.swift; sourceTree = "<group>"; };
		776B140C219AFA1200E03B5B /* MainService.swift */ = {isa = PBXFileReference; lastKnownFileType = sourcecode.swift; path = MainService.swift; sourceTree = "<group>"; };
		776B140E219AFA2D00E03B5B /* IMainService.swift */ = {isa = PBXFileReference; lastKnownFileType = sourcecode.swift; path = IMainService.swift; sourceTree = "<group>"; };
		776B1410219AFA5F00E03B5B /* Constants.swift */ = {isa = PBXFileReference; lastKnownFileType = sourcecode.swift; path = Constants.swift; sourceTree = "<group>"; };
		776B1413219AFB5100E03B5B /* CellMainTableView.swift */ = {isa = PBXFileReference; lastKnownFileType = sourcecode.swift; path = CellMainTableView.swift; sourceTree = "<group>"; };
		776B1414219AFB5100E03B5B /* CellMainTableView.xib */ = {isa = PBXFileReference; lastKnownFileType = file.xib; path = CellMainTableView.xib; sourceTree = "<group>"; };
		776B1417219AFBC300E03B5B /* tableViewController.swift */ = {isa = PBXFileReference; lastKnownFileType = sourcecode.swift; path = tableViewController.swift; sourceTree = "<group>"; };
/* End PBXFileReference section */

/* Begin PBXFrameworksBuildPhase section */
		776B13EE219AF68200E03B5B /* Frameworks */ = {
			isa = PBXFrameworksBuildPhase;
			buildActionMask = 2147483647;
			files = (
			);
			runOnlyForDeploymentPostprocessing = 0;
		};
/* End PBXFrameworksBuildPhase section */

/* Begin PBXGroup section */
		776B13E8219AF68200E03B5B = {
			isa = PBXGroup;
			children = (
				776B13F3219AF68200E03B5B /* orangeBank */,
				776B13F2219AF68200E03B5B /* Products */,
			);
			sourceTree = "<group>";
		};
		776B13F2219AF68200E03B5B /* Products */ = {
			isa = PBXGroup;
			children = (
				776B13F1219AF68200E03B5B /* orangeBank.app */,
			);
			name = Products;
			sourceTree = "<group>";
		};
		776B13F3219AF68200E03B5B /* orangeBank */ = {
			isa = PBXGroup;
			children = (
				776B1409219AF9B800E03B5B /* Common */,
				776B1408219AF9AE00E03B5B /* View */,
				776B1407219AF99900E03B5B /* ViewControllers */,
				776B1406219AF98900E03B5B /* Model */,
				776B13F4219AF68200E03B5B /* AppDelegate.swift */,
				776B13FB219AF68400E03B5B /* Assets.xcassets */,
				776B13FD219AF68400E03B5B /* LaunchScreen.storyboard */,
				776B1400219AF68400E03B5B /* Info.plist */,
			);
			path = orangeBank;
			sourceTree = "<group>";
		};
		776B1406219AF98900E03B5B /* Model */ = {
			isa = PBXGroup;
			children = (
				776B140A219AF9EE00E03B5B /* DataProcess.swift */,
				776B140C219AFA1200E03B5B /* MainService.swift */,
				776B140E219AFA2D00E03B5B /* IMainService.swift */,
			);
			path = Model;
			sourceTree = "<group>";
		};
		776B1407219AF99900E03B5B /* ViewControllers */ = {
			isa = PBXGroup;
			children = (
				776B1412219AFB3700E03B5B /* CellMain */,
				776B13F6219AF68200E03B5B /* ViewController.swift */,
				776B1417219AFBC300E03B5B /* tableViewController.swift */,
			);
			path = ViewControllers;
			sourceTree = "<group>";
		};
		776B1408219AF9AE00E03B5B /* View */ = {
			isa = PBXGroup;
			children = (
				776B13F8219AF68200E03B5B /* Main.storyboard */,
			);
			path = View;
			sourceTree = "<group>";
		};
		776B1409219AF9B800E03B5B /* Common */ = {
			isa = PBXGroup;
			children = (
				776B1410219AFA5F00E03B5B /* Constants.swift */,
			);
			path = Common;
			sourceTree = "<group>";
		};
		776B1412219AFB3700E03B5B /* CellMain */ = {
			isa = PBXGroup;
			children = (
				776B1413219AFB5100E03B5B /* CellMainTableView.swift */,
				776B1414219AFB5100E03B5B /* CellMainTableView.xib */,
			);
			path = CellMain;
			sourceTree = "<group>";
		};
/* End PBXGroup section */

/* Begin PBXNativeTarget section */
		776B13F0219AF68200E03B5B /* orangeBank */ = {
			isa = PBXNativeTarget;
			buildConfigurationList = 776B1403219AF68400E03B5B /* Build configuration list for PBXNativeTarget "orangeBank" */;
			buildPhases = (
				776B13ED219AF68200E03B5B /* Sources */,
				776B13EE219AF68200E03B5B /* Frameworks */,
				776B13EF219AF68200E03B5B /* Resources */,
			);
			buildRules = (
			);
			dependencies = (
			);
			name = orangeBank;
			productName = orangeBank;
			productReference = 776B13F1219AF68200E03B5B /* orangeBank.app */;
			productType = "com.apple.product-type.application";
		};
/* End PBXNativeTarget section */

/* Begin PBXProject section */
		776B13E9219AF68200E03B5B /* Project object */ = {
			isa = PBXProject;
			attributes = {
				LastSwiftUpdateCheck = 1000;
				LastUpgradeCheck = 1000;
				ORGANIZATIONNAME = jsfenix;
				TargetAttributes = {
					776B13F0219AF68200E03B5B = {
						CreatedOnToolsVersion = 10.0;
					};
				};
			};
			buildConfigurationList = 776B13EC219AF68200E03B5B /* Build configuration list for PBXProject "orangeBank" */;
			compatibilityVersion = "Xcode 9.3";
			developmentRegion = en;
			hasScannedForEncodings = 0;
			knownRegions = (
				en,
				Base,
			);
			mainGroup = 776B13E8219AF68200E03B5B;
			productRefGroup = 776B13F2219AF68200E03B5B /* Products */;
			projectDirPath = "";
			projectRoot = "";
			targets = (
				776B13F0219AF68200E03B5B /* orangeBank */,
			);
		};
/* End PBXProject section */

/* Begin PBXResourcesBuildPhase section */
		776B13EF219AF68200E03B5B /* Resources */ = {
			isa = PBXResourcesBuildPhase;
			buildActionMask = 2147483647;
			files = (
				776B13FF219AF68400E03B5B /* LaunchScreen.storyboard in Resources */,
				776B13FC219AF68400E03B5B /* Assets.xcassets in Resources */,
				776B1416219AFB5100E03B5B /* CellMainTableView.xib in Resources */,
				776B13FA219AF68200E03B5B /* Main.storyboard in Resources */,
			);
			runOnlyForDeploymentPostprocessing = 0;
		};
/* End PBXResourcesBuildPhase section */

/* Begin PBXSourcesBuildPhase section */
		776B13ED219AF68200E03B5B /* Sources */ = {
			isa = PBXSourcesBuildPhase;
			buildActionMask = 2147483647;
			files = (
				776B13F7219AF68200E03B5B /* ViewController.swift in Sources */,
				776B13F5219AF68200E03B5B /* AppDelegate.swift in Sources */,
				776B140D219AFA1200E03B5B /* MainService.swift in Sources */,
				776B1418219AFBC300E03B5B /* tableViewController.swift in Sources */,
				776B1415219AFB5100E03B5B /* CellMainTableView.swift in Sources */,
				776B140F219AFA2D00E03B5B /* IMainService.swift in Sources */,
				776B140B219AF9EE00E03B5B /* DataProcess.swift in Sources */,
				776B1411219AFA5F00E03B5B /* Constants.swift in Sources */,
			);
			runOnlyForDeploymentPostprocessing = 0;
		};
/* End PBXSourcesBuildPhase section */

/* Begin PBXVariantGroup section */
		776B13F8219AF68200E03B5B /* Main.storyboard */ = {
			isa = PBXVariantGroup;
			children = (
				776B13F9219AF68200E03B5B /* Base */,
			);
			name = Main.storyboard;
			sourceTree = "<group>";
		};
		776B13FD219AF68400E03B5B /* LaunchScreen.storyboard */ = {
			isa = PBXVariantGroup;
			children = (
				776B13FE219AF68400E03B5B /* Base */,
			);
			name = LaunchScreen.storyboard;
			sourceTree = "<group>";
		};
/* End PBXVariantGroup section */

/* Begin XCBuildConfiguration section */
		776B1401219AF68400E03B5B /* Debug */ = {
			isa = XCBuildConfiguration;
			buildSettings = {
				ALWAYS_SEARCH_USER_PATHS = NO;
				CLANG_ANALYZER_NONNULL = YES;
				CLANG_ANALYZER_NUMBER_OBJECT_CONVERSION = YES_AGGRESSIVE;
				CLANG_CXX_LANGUAGE_STANDARD = "gnu++14";
				CLANG_CXX_LIBRARY = "libc++";
				CLANG_ENABLE_MODULES = YES;
				CLANG_ENABLE_OBJC_ARC = YES;
				CLANG_ENABLE_OBJC_WEAK = YES;
				CLANG_WARN_BLOCK_CAPTURE_AUTORELEASING = YES;
				CLANG_WARN_BOOL_CONVERSION = YES;
				CLANG_WARN_COMMA = YES;
				CLANG_WARN_CONSTANT_CONVERSION = YES;
				CLANG_WARN_DEPRECATED_OBJC_IMPLEMENTATIONS = YES;
				CLANG_WARN_DIRECT_OBJC_ISA_USAGE = YES_ERROR;
				CLANG_WARN_DOCUMENTATION_COMMENTS = YES;
				CLANG_WARN_EMPTY_BODY = YES;
				CLANG_WARN_ENUM_CONVERSION = YES;
				CLANG_WARN_INFINITE_RECURSION = YES;
				CLANG_WARN_INT_CONVERSION = YES;
				CLANG_WARN_NON_LITERAL_NULL_CONVERSION = YES;
				CLANG_WARN_OBJC_IMPLICIT_RETAIN_SELF = YES;
				CLANG_WARN_OBJC_LITERAL_CONVERSION = YES;
				CLANG_WARN_OBJC_ROOT_CLASS = YES_ERROR;
				CLANG_WARN_RANGE_LOOP_ANALYSIS = YES;
				CLANG_WARN_STRICT_PROTOTYPES = YES;
				CLANG_WARN_SUSPICIOUS_MOVE = YES;
				CLANG_WARN_UNGUARDED_AVAILABILITY = YES_AGGRESSIVE;
				CLANG_WARN_UNREACHABLE_CODE = YES;
				CLANG_WARN__DUPLICATE_METHOD_MATCH = YES;
				CODE_SIGN_IDENTITY = "iPhone Developer";
				COPY_PHASE_STRIP = NO;
				DEBUG_INFORMATION_FORMAT = dwarf;
				ENABLE_STRICT_OBJC_MSGSEND = YES;
				ENABLE_TESTABILITY = YES;
				GCC_C_LANGUAGE_STANDARD = gnu11;
				GCC_DYNAMIC_NO_PIC = NO;
				GCC_NO_COMMON_BLOCKS = YES;
				GCC_OPTIMIZATION_LEVEL = 0;
				GCC_PREPROCESSOR_DEFINITIONS = (
					"DEBUG=1",
					"$(inherited)",
				);
				GCC_WARN_64_TO_32_BIT_CONVERSION = YES;
				GCC_WARN_ABOUT_RETURN_TYPE = YES_ERROR;
				GCC_WARN_UNDECLARED_SELECTOR = YES;
				GCC_WARN_UNINITIALIZED_AUTOS = YES_AGGRESSIVE;
				GCC_WARN_UNUSED_FUNCTION = YES;
				GCC_WARN_UNUSED_VARIABLE = YES;
				IPHONEOS_DEPLOYMENT_TARGET = 12.0;
				MTL_ENABLE_DEBUG_INFO = INCLUDE_SOURCE;
				MTL_FAST_MATH = YES;
				ONLY_ACTIVE_ARCH = YES;
				SDKROOT = iphoneos;
				SWIFT_ACTIVE_COMPILATION_CONDITIONS = DEBUG;
				SWIFT_OPTIMIZATION_LEVEL = "-Onone";
			};
			name = Debug;
		};
		776B1402219AF68400E03B5B /* Release */ = {
			isa = XCBuildConfiguration;
			buildSettings = {
				ALWAYS_SEARCH_USER_PATHS = NO;
				CLANG_ANALYZER_NONNULL = YES;
				CLANG_ANALYZER_NUMBER_OBJECT_CONVERSION = YES_AGGRESSIVE;
				CLANG_CXX_LANGUAGE_STANDARD = "gnu++14";
				CLANG_CXX_LIBRARY = "libc++";
				CLANG_ENABLE_MODULES = YES;
				CLANG_ENABLE_OBJC_ARC = YES;
				CLANG_ENABLE_OBJC_WEAK = YES;
				CLANG_WARN_BLOCK_CAPTURE_AUTORELEASING = YES;
				CLANG_WARN_BOOL_CONVERSION = YES;
				CLANG_WARN_COMMA = YES;
				CLANG_WARN_CONSTANT_CONVERSION = YES;
				CLANG_WARN_DEPRECATED_OBJC_IMPLEMENTATIONS = YES;
				CLANG_WARN_DIRECT_OBJC_ISA_USAGE = YES_ERROR;
				CLANG_WARN_DOCUMENTATION_COMMENTS = YES;
				CLANG_WARN_EMPTY_BODY = YES;
				CLANG_WARN_ENUM_CONVERSION = YES;
				CLANG_WARN_INFINITE_RECURSION = YES;
				CLANG_WARN_INT_CONVERSION = YES;
				CLANG_WARN_NON_LITERAL_NULL_CONVERSION = YES;
				CLANG_WARN_OBJC_IMPLICIT_RETAIN_SELF = YES;
				CLANG_WARN_OBJC_LITERAL_CONVERSION = YES;
				CLANG_WARN_OBJC_ROOT_CLASS = YES_ERROR;
				CLANG_WARN_RANGE_LOOP_ANALYSIS = YES;
				CLANG_WARN_STRICT_PROTOTYPES = YES;
				CLANG_WARN_SUSPICIOUS_MOVE = YES;
				CLANG_WARN_UNGUARDED_AVAILABILITY = YES_AGGRESSIVE;
				CLANG_WARN_UNREACHABLE_CODE = YES;
				CLANG_WARN__DUPLICATE_METHOD_MATCH = YES;
				CODE_SIGN_IDENTITY = "iPhone Developer";
				COPY_PHASE_STRIP = NO;
				DEBUG_INFORMATION_FORMAT = "dwarf-with-dsym";
				ENABLE_NS_ASSERTIONS = NO;
				ENABLE_STRICT_OBJC_MSGSEND = YES;
				GCC_C_LANGUAGE_STANDARD = gnu11;
				GCC_NO_COMMON_BLOCKS = YES;
				GCC_WARN_64_TO_32_BIT_CONVERSION = YES;
				GCC_WARN_ABOUT_RETURN_TYPE = YES_ERROR;
				GCC_WARN_UNDECLARED_SELECTOR = YES;
				GCC_WARN_UNINITIALIZED_AUTOS = YES_AGGRESSIVE;
				GCC_WARN_UNUSED_FUNCTION = YES;
				GCC_WARN_UNUSED_VARIABLE = YES;
				IPHONEOS_DEPLOYMENT_TARGET = 12.0;
				MTL_ENABLE_DEBUG_INFO = NO;
				MTL_FAST_MATH = YES;
				SDKROOT = iphoneos;
				SWIFT_COMPILATION_MODE = wholemodule;
				SWIFT_OPTIMIZATION_LEVEL = "-O";
				VALIDATE_PRODUCT = YES;
			};
			name = Release;
		};
		776B1404219AF68400E03B5B /* Debug */ = {
			isa = XCBuildConfiguration;
			buildSettings = {
				ASSETCATALOG_COMPILER_APPICON_NAME = AppIcon;
				CODE_SIGN_STYLE = Automatic;
				DEVELOPMENT_TEAM = 9C8WHBCMZY;
				INFOPLIST_FILE = orangeBank/Info.plist;
				LD_RUNPATH_SEARCH_PATHS = (
					"$(inherited)",
					"@executable_path/Frameworks",
				);
				PRODUCT_BUNDLE_IDENTIFIER = personal.orangeBank;
				PRODUCT_NAME = "$(TARGET_NAME)";
				SWIFT_VERSION = 4.2;
				TARGETED_DEVICE_FAMILY = "1,2";
			};
			name = Debug;
		};
		776B1405219AF68400E03B5B /* Release */ = {
			isa = XCBuildConfiguration;
			buildSettings = {
				ASSETCATALOG_COMPILER_APPICON_NAME = AppIcon;
				CODE_SIGN_STYLE = Automatic;
				DEVELOPMENT_TEAM = 9C8WHBCMZY;
				INFOPLIST_FILE = orangeBank/Info.plist;
				LD_RUNPATH_SEARCH_PATHS = (
					"$(inherited)",
					"@executable_path/Frameworks",
				);
				PRODUCT_BUNDLE_IDENTIFIER = personal.orangeBank;
				PRODUCT_NAME = "$(TARGET_NAME)";
				SWIFT_VERSION = 4.2;
				TARGETED_DEVICE_FAMILY = "1,2";
			};
			name = Release;
		};
/* End XCBuildConfiguration section */

/* Begin XCConfigurationList section */
		776B13EC219AF68200E03B5B /* Build configuration list for PBXProject "orangeBank" */ = {
			isa = XCConfigurationList;
			buildConfigurations = (
				776B1401219AF68400E03B5B /* Debug */,
				776B1402219AF68400E03B5B /* Release */,
			);
			defaultConfigurationIsVisible = 0;
			defaultConfigurationName = Release;
		};
		776B1403219AF68400E03B5B /* Build configuration list for PBXNativeTarget "orangeBank" */ = {
			isa = XCConfigurationList;
			buildConfigurations = (
				776B1404219AF68400E03B5B /* Debug */,
				776B1405219AF68400E03B5B /* Release */,
			);
			defaultConfigurationIsVisible = 0;
			defaultConfigurationName = Release;
		};
/* End XCConfigurationList section */
	};
	rootObject = 776B13E9219AF68200E03B5B /* Project object */;
}
